// !$*UTF8*$!
{
	archiveVersion = 1;
	classes = {
	};
	objectVersion = 50;
	objects = {

/* Begin PBXBuildFile section */
		496C883B24E1FD2B0094C4E8 /* AppDelegate.swift in Sources */ = {isa = PBXBuildFile; fileRef = 496C883A24E1FD2B0094C4E8 /* AppDelegate.swift */; };
		496C883D24E1FD2B0094C4E8 /* SceneDelegate.swift in Sources */ = {isa = PBXBuildFile; fileRef = 496C883C24E1FD2B0094C4E8 /* SceneDelegate.swift */; };
		496C883F24E1FD2B0094C4E8 /* ViewController.swift in Sources */ = {isa = PBXBuildFile; fileRef = 496C883E24E1FD2B0094C4E8 /* ViewController.swift */; };
		496C884224E1FD2B0094C4E8 /* Main.storyboard in Resources */ = {isa = PBXBuildFile; fileRef = 496C884024E1FD2B0094C4E8 /* Main.storyboard */; };
		496C884424E1FD2F0094C4E8 /* Assets.xcassets in Resources */ = {isa = PBXBuildFile; fileRef = 496C884324E1FD2F0094C4E8 /* Assets.xcassets */; };
		496C884724E1FD2F0094C4E8 /* LaunchScreen.storyboard in Resources */ = {isa = PBXBuildFile; fileRef = 496C884524E1FD2F0094C4E8 /* LaunchScreen.storyboard */; };
		496C885224E1FD2F0094C4E8 /* dog_class_appTests.swift in Sources */ = {isa = PBXBuildFile; fileRef = 496C885124E1FD2F0094C4E8 /* dog_class_appTests.swift */; };
/* End PBXBuildFile section */

/* Begin PBXContainerItemProxy section */
		496C884E24E1FD2F0094C4E8 /* PBXContainerItemProxy */ = {
			isa = PBXContainerItemProxy;
			containerPortal = 496C882F24E1FD2B0094C4E8 /* Project object */;
			proxyType = 1;
			remoteGlobalIDString = 496C883624E1FD2B0094C4E8;
			remoteInfo = dog_class_app;
		};
/* End PBXContainerItemProxy section */

/* Begin PBXFileReference section */
		496C883724E1FD2B0094C4E8 /* dog_class_app.app */ = {isa = PBXFileReference; explicitFileType = wrapper.application; includeInIndex = 0; path = dog_class_app.app; sourceTree = BUILT_PRODUCTS_DIR; };
		496C883A24E1FD2B0094C4E8 /* AppDelegate.swift */ = {isa = PBXFileReference; lastKnownFileType = sourcecode.swift; path = AppDelegate.swift; sourceTree = "<group>"; };
		496C883C24E1FD2B0094C4E8 /* SceneDelegate.swift */ = {isa = PBXFileReference; lastKnownFileType = sourcecode.swift; path = SceneDelegate.swift; sourceTree = "<group>"; };
		496C883E24E1FD2B0094C4E8 /* ViewController.swift */ = {isa = PBXFileReference; lastKnownFileType = sourcecode.swift; path = ViewController.swift; sourceTree = "<group>"; };
		496C884124E1FD2B0094C4E8 /* Base */ = {isa = PBXFileReference; lastKnownFileType = file.storyboard; name = Base; path = Base.lproj/Main.storyboard; sourceTree = "<group>"; };
		496C884324E1FD2F0094C4E8 /* Assets.xcassets */ = {isa = PBXFileReference; lastKnownFileType = folder.assetcatalog; path = Assets.xcassets; sourceTree = "<group>"; };
		496C884624E1FD2F0094C4E8 /* Base */ = {isa = PBXFileReference; lastKnownFileType = file.storyboard; name = Base; path = Base.lproj/LaunchScreen.storyboard; sourceTree = "<group>"; };
		496C884824E1FD2F0094C4E8 /* Info.plist */ = {isa = PBXFileReference; lastKnownFileType = text.plist.xml; path = Info.plist; sourceTree = "<group>"; };
		496C884D24E1FD2F0094C4E8 /* dog_class_appTests.xctest */ = {isa = PBXFileReference; explicitFileType = wrapper.cfbundle; includeInIndex = 0; path = dog_class_appTests.xctest; sourceTree = BUILT_PRODUCTS_DIR; };
		496C885124E1FD2F0094C4E8 /* dog_class_appTests.swift */ = {isa = PBXFileReference; lastKnownFileType = sourcecode.swift; path = dog_class_appTests.swift; sourceTree = "<group>"; };
		496C885324E1FD2F0094C4E8 /* Info.plist */ = {isa = PBXFileReference; lastKnownFileType = text.plist.xml; path = Info.plist; sourceTree = "<group>"; };
/* End PBXFileReference section */

/* Begin PBXFrameworksBuildPhase section */
		496C883424E1FD2B0094C4E8 /* Frameworks */ = {
			isa = PBXFrameworksBuildPhase;
			buildActionMask = 2147483647;
			files = (
			);
			runOnlyForDeploymentPostprocessing = 0;
		};
		496C884A24E1FD2F0094C4E8 /* Frameworks */ = {
			isa = PBXFrameworksBuildPhase;
			buildActionMask = 2147483647;
			files = (
			);
			runOnlyForDeploymentPostprocessing = 0;
		};
/* End PBXFrameworksBuildPhase section */

/* Begin PBXGroup section */
		496C882E24E1FD2B0094C4E8 = {
			isa = PBXGroup;
			children = (
				496C883924E1FD2B0094C4E8 /* dog_class_app */,
				496C885024E1FD2F0094C4E8 /* dog_class_appTests */,
				496C883824E1FD2B0094C4E8 /* Products */,
			);
			sourceTree = "<group>";
		};
		496C883824E1FD2B0094C4E8 /* Products */ = {
			isa = PBXGroup;
			children = (
				496C883724E1FD2B0094C4E8 /* dog_class_app.app */,
				496C884D24E1FD2F0094C4E8 /* dog_class_appTests.xctest */,
			);
			name = Products;
			sourceTree = "<group>";
		};
		496C883924E1FD2B0094C4E8 /* dog_class_app */ = {
			isa = PBXGroup;
			children = (
				496C883A24E1FD2B0094C4E8 /* AppDelegate.swift */,
				496C883C24E1FD2B0094C4E8 /* SceneDelegate.swift */,
				496C883E24E1FD2B0094C4E8 /* ViewController.swift */,
				496C884024E1FD2B0094C4E8 /* Main.storyboard */,
				496C884324E1FD2F0094C4E8 /* Assets.xcassets */,
				496C884524E1FD2F0094C4E8 /* LaunchScreen.storyboard */,
				496C884824E1FD2F0094C4E8 /* Info.plist */,
			);
			path = dog_class_app;
			sourceTree = "<group>";
		};
		496C885024E1FD2F0094C4E8 /* dog_class_appTests */ = {
			isa = PBXGroup;
			children = (
				496C885124E1FD2F0094C4E8 /* dog_class_appTests.swift */,
				496C885324E1FD2F0094C4E8 /* Info.plist */,
			);
			path = dog_class_appTests;
			sourceTree = "<group>";
		};
/* End PBXGroup section */

/* Begin PBXNativeTarget section */
		496C883624E1FD2B0094C4E8 /* dog_class_app */ = {
			isa = PBXNativeTarget;
			buildConfigurationList = 496C885624E1FD2F0094C4E8 /* Build configuration list for PBXNativeTarget "dog_class_app" */;
			buildPhases = (
				496C883324E1FD2B0094C4E8 /* Sources */,
				496C883424E1FD2B0094C4E8 /* Frameworks */,
				496C883524E1FD2B0094C4E8 /* Resources */,
			);
			buildRules = (
			);
			dependencies = (
			);
			name = dog_class_app;
			productName = dog_class_app;
			productReference = 496C883724E1FD2B0094C4E8 /* dog_class_app.app */;
			productType = "com.apple.product-type.application";
		};
		496C884C24E1FD2F0094C4E8 /* dog_class_appTests */ = {
			isa = PBXNativeTarget;
			buildConfigurationList = 496C885924E1FD2F0094C4E8 /* Build configuration list for PBXNativeTarget "dog_class_appTests" */;
			buildPhases = (
				496C884924E1FD2F0094C4E8 /* Sources */,
				496C884A24E1FD2F0094C4E8 /* Frameworks */,
				496C884B24E1FD2F0094C4E8 /* Resources */,
			);
			buildRules = (
			);
			dependencies = (
				496C884F24E1FD2F0094C4E8 /* PBXTargetDependency */,
			);
			name = dog_class_appTests;
			productName = dog_class_appTests;
			productReference = 496C884D24E1FD2F0094C4E8 /* dog_class_appTests.xctest */;
			productType = "com.apple.product-type.bundle.unit-test";
		};
/* End PBXNativeTarget section */

/* Begin PBXProject section */
		496C882F24E1FD2B0094C4E8 /* Project object */ = {
			isa = PBXProject;
			attributes = {
				LastSwiftUpdateCheck = 1160;
				LastUpgradeCheck = 1160;
				ORGANIZATIONNAME = "andrew von Rajcs";
				TargetAttributes = {
					496C883624E1FD2B0094C4E8 = {
						CreatedOnToolsVersion = 11.6;
					};
					496C884C24E1FD2F0094C4E8 = {
						CreatedOnToolsVersion = 11.6;
						TestTargetID = 496C883624E1FD2B0094C4E8;
					};
				};
			};
			buildConfigurationList = 496C883224E1FD2B0094C4E8 /* Build configuration list for PBXProject "dog_class_app" */;
			compatibilityVersion = "Xcode 9.3";
			developmentRegion = en;
			hasScannedForEncodings = 0;
			knownRegions = (
				en,
				Base,
			);
			mainGroup = 496C882E24E1FD2B0094C4E8;
			productRefGroup = 496C883824E1FD2B0094C4E8 /* Products */;
			projectDirPath = "";
			projectRoot = "";
			targets = (
				496C883624E1FD2B0094C4E8 /* dog_class_app */,
				496C884C24E1FD2F0094C4E8 /* dog_class_appTests */,
			);
		};
/* End PBXProject section */

/* Begin PBXResourcesBuildPhase section */
		496C883524E1FD2B0094C4E8 /* Resources */ = {
			isa = PBXResourcesBuildPhase;
			buildActionMask = 2147483647;
			files = (
				496C884724E1FD2F0094C4E8 /* LaunchScreen.storyboard in Resources */,
				496C884424E1FD2F0094C4E8 /* Assets.xcassets in Resources */,
				496C884224E1FD2B0094C4E8 /* Main.storyboard in Resources */,
			);
			runOnlyForDeploymentPostprocessing = 0;
		};
		496C884B24E1FD2F0094C4E8 /* Resources */ = {
			isa = PBXResourcesBuildPhase;
			buildActionMask = 2147483647;
			files = (
			);
			runOnlyForDeploymentPostprocessing = 0;
		};
/* End PBXResourcesBuildPhase section */

/* Begin PBXSourcesBuildPhase section */
		496C883324E1FD2B0094C4E8 /* Sources */ = {
			isa = PBXSourcesBuildPhase;
			buildActionMask = 2147483647;
			files = (
				496C883F24E1FD2B0094C4E8 /* ViewController.swift in Sources */,
				496C883B24E1FD2B0094C4E8 /* AppDelegate.swift in Sources */,
				496C883D24E1FD2B0094C4E8 /* SceneDelegate.swift in Sources */,
			);
			runOnlyForDeploymentPostprocessing = 0;
		};
		496C884924E1FD2F0094C4E8 /* Sources */ = {
			isa = PBXSourcesBuildPhase;
			buildActionMask = 2147483647;
			files = (
				496C885224E1FD2F0094C4E8 /* dog_class_appTests.swift in Sources */,
			);
			runOnlyForDeploymentPostprocessing = 0;
		};
/* End PBXSourcesBuildPhase section */

/* Begin PBXTargetDependency section */
		496C884F24E1FD2F0094C4E8 /* PBXTargetDependency */ = {
			isa = PBXTargetDependency;
			target = 496C883624E1FD2B0094C4E8 /* dog_class_app */;
			targetProxy = 496C884E24E1FD2F0094C4E8 /* PBXContainerItemProxy */;
		};
/* End PBXTargetDependency section */

/* Begin PBXVariantGroup section */
		496C884024E1FD2B0094C4E8 /* Main.storyboard */ = {
			isa = PBXVariantGroup;
			children = (
				496C884124E1FD2B0094C4E8 /* Base */,
			);
			name = Main.storyboard;
			sourceTree = "<group>";
		};
		496C884524E1FD2F0094C4E8 /* LaunchScreen.storyboard */ = {
			isa = PBXVariantGroup;
			children = (
				496C884624E1FD2F0094C4E8 /* Base */,
			);
			name = LaunchScreen.storyboard;
			sourceTree = "<group>";
		};
/* End PBXVariantGroup section */

/* Begin XCBuildConfiguration section */
		496C885424E1FD2F0094C4E8 /* Debug */ = {
			isa = XCBuildConfiguration;
			buildSettings = {
				ALWAYS_SEARCH_USER_PATHS = NO;
				CLANG_ANALYZER_NONNULL = YES;
				CLANG_ANALYZER_NUMBER_OBJECT_CONVERSION = YES_AGGRESSIVE;
				CLANG_CXX_LANGUAGE_STANDARD = "gnu++14";
				CLANG_CXX_LIBRARY = "libc++";
				CLANG_ENABLE_MODULES = YES;
				CLANG_ENABLE_OBJC_ARC = YES;
				CLANG_ENABLE_OBJC_WEAK = YES;
				CLANG_WARN_BLOCK_CAPTURE_AUTORELEASING = YES;
				CLANG_WARN_BOOL_CONVERSION = YES;
				CLANG_WARN_COMMA = YES;
				CLANG_WARN_CONSTANT_CONVERSION = YES;
				CLANG_WARN_DEPRECATED_OBJC_IMPLEMENTATIONS = YES;
				CLANG_WARN_DIRECT_OBJC_ISA_USAGE = YES_ERROR;
				CLANG_WARN_DOCUMENTATION_COMMENTS = YES;
				CLANG_WARN_EMPTY_BODY = YES;
				CLANG_WARN_ENUM_CONVERSION = YES;
				CLANG_WARN_INFINITE_RECURSION = YES;
				CLANG_WARN_INT_CONVERSION = YES;
				CLANG_WARN_NON_LITERAL_NULL_CONVERSION = YES;
				CLANG_WARN_OBJC_IMPLICIT_RETAIN_SELF = YES;
				CLANG_WARN_OBJC_LITERAL_CONVERSION = YES;
				CLANG_WARN_OBJC_ROOT_CLASS = YES_ERROR;
				CLANG_WARN_RANGE_LOOP_ANALYSIS = YES;
				CLANG_WARN_STRICT_PROTOTYPES = YES;
				CLANG_WARN_SUSPICIOUS_MOVE = YES;
				CLANG_WARN_UNGUARDED_AVAILABILITY = YES_AGGRESSIVE;
				CLANG_WARN_UNREACHABLE_CODE = YES;
				CLANG_WARN__DUPLICATE_METHOD_MATCH = YES;
				COPY_PHASE_STRIP = NO;
				DEBUG_INFORMATION_FORMAT = dwarf;
				ENABLE_STRICT_OBJC_MSGSEND = YES;
				ENABLE_TESTABILITY = YES;
				GCC_C_LANGUAGE_STANDARD = gnu11;
				GCC_DYNAMIC_NO_PIC = NO;
				GCC_NO_COMMON_BLOCKS = YES;
				GCC_OPTIMIZATION_LEVEL = 0;
				GCC_PREPROCESSOR_DEFINITIONS = (
					"DEBUG=1",
					"$(inherited)",
				);
				GCC_WARN_64_TO_32_BIT_CONVERSION = YES;
				GCC_WARN_ABOUT_RETURN_TYPE = YES_ERROR;
				GCC_WARN_UNDECLARED_SELECTOR = YES;
				GCC_WARN_UNINITIALIZED_AUTOS = YES_AGGRESSIVE;
				GCC_WARN_UNUSED_FUNCTION = YES;
				GCC_WARN_UNUSED_VARIABLE = YES;
				IPHONEOS_DEPLOYMENT_TARGET = 13.6;
				MTL_ENABLE_DEBUG_INFO = INCLUDE_SOURCE;
				MTL_FAST_MATH = YES;
				ONLY_ACTIVE_ARCH = YES;
				SDKROOT = iphoneos;
				SWIFT_ACTIVE_COMPILATION_CONDITIONS = DEBUG;
				SWIFT_OPTIMIZATION_LEVEL = "-Onone";
			};
			name = Debug;
		};
		496C885524E1FD2F0094C4E8 /* Release */ = {
			isa = XCBuildConfiguration;
			buildSettings = {
				ALWAYS_SEARCH_USER_PATHS = NO;
				CLANG_ANALYZER_NONNULL = YES;
				CLANG_ANALYZER_NUMBER_OBJECT_CONVERSION = YES_AGGRESSIVE;
				CLANG_CXX_LANGUAGE_STANDARD = "gnu++14";
				CLANG_CXX_LIBRARY = "libc++";
				CLANG_ENABLE_MODULES = YES;
				CLANG_ENABLE_OBJC_ARC = YES;
				CLANG_ENABLE_OBJC_WEAK = YES;
				CLANG_WARN_BLOCK_CAPTURE_AUTORELEASING = YES;
				CLANG_WARN_BOOL_CONVERSION = YES;
				CLANG_WARN_COMMA = YES;
				CLANG_WARN_CONSTANT_CONVERSION = YES;
				CLANG_WARN_DEPRECATED_OBJC_IMPLEMENTATIONS = YES;
				CLANG_WARN_DIRECT_OBJC_ISA_USAGE = YES_ERROR;
				CLANG_WARN_DOCUMENTATION_COMMENTS = YES;
				CLANG_WARN_EMPTY_BODY = YES;
				CLANG_WARN_ENUM_CONVERSION = YES;
				CLANG_WARN_INFINITE_RECURSION = YES;
				CLANG_WARN_INT_CONVERSION = YES;
				CLANG_WARN_NON_LITERAL_NULL_CONVERSION = YES;
				CLANG_WARN_OBJC_IMPLICIT_RETAIN_SELF = YES;
				CLANG_WARN_OBJC_LITERAL_CONVERSION = YES;
				CLANG_WARN_OBJC_ROOT_CLASS = YES_ERROR;
				CLANG_WARN_RANGE_LOOP_ANALYSIS = YES;
				CLANG_WARN_STRICT_PROTOTYPES = YES;
				CLANG_WARN_SUSPICIOUS_MOVE = YES;
				CLANG_WARN_UNGUARDED_AVAILABILITY = YES_AGGRESSIVE;
				CLANG_WARN_UNREACHABLE_CODE = YES;
				CLANG_WARN__DUPLICATE_METHOD_MATCH = YES;
				COPY_PHASE_STRIP = NO;
				DEBUG_INFORMATION_FORMAT = "dwarf-with-dsym";
				ENABLE_NS_ASSERTIONS = NO;
				ENABLE_STRICT_OBJC_MSGSEND = YES;
				GCC_C_LANGUAGE_STANDARD = gnu11;
				GCC_NO_COMMON_BLOCKS = YES;
				GCC_WARN_64_TO_32_BIT_CONVERSION = YES;
				GCC_WARN_ABOUT_RETURN_TYPE = YES_ERROR;
				GCC_WARN_UNDECLARED_SELECTOR = YES;
				GCC_WARN_UNINITIALIZED_AUTOS = YES_AGGRESSIVE;
				GCC_WARN_UNUSED_FUNCTION = YES;
				GCC_WARN_UNUSED_VARIABLE = YES;
				IPHONEOS_DEPLOYMENT_TARGET = 13.6;
				MTL_ENABLE_DEBUG_INFO = NO;
				MTL_FAST_MATH = YES;
				SDKROOT = iphoneos;
				SWIFT_COMPILATION_MODE = wholemodule;
				SWIFT_OPTIMIZATION_LEVEL = "-O";
				VALIDATE_PRODUCT = YES;
			};
			name = Release;
		};
		496C885724E1FD2F0094C4E8 /* Debug */ = {
			isa = XCBuildConfiguration;
			buildSettings = {
				ASSETCATALOG_COMPILER_APPICON_NAME = AppIcon;
				CODE_SIGN_STYLE = Automatic;
				DEVELOPMENT_TEAM = KCF27GTX7U;
				INFOPLIST_FILE = dog_class_app/Info.plist;
				LD_RUNPATH_SEARCH_PATHS = (
					"$(inherited)",
					"@executable_path/Frameworks",
				);
				PRODUCT_BUNDLE_IDENTIFIER = "com.andrew.dog-class-app";
				PRODUCT_NAME = "$(TARGET_NAME)";
				SWIFT_VERSION = 5.0;
				TARGETED_DEVICE_FAMILY = "1,2";
			};
			name = Debug;
		};
		496C885824E1FD2F0094C4E8 /* Release */ = {
			isa = XCBuildConfiguration;
			buildSettings = {
				ASSETCATALOG_COMPILER_APPICON_NAME = AppIcon;
				CODE_SIGN_STYLE = Automatic;
				DEVELOPMENT_TEAM = KCF27GTX7U;
				INFOPLIST_FILE = dog_class_app/Info.plist;
				LD_RUNPATH_SEARCH_PATHS = (
					"$(inherited)",
					"@executable_path/Frameworks",
				);
				PRODUCT_BUNDLE_IDENTIFIER = "com.andrew.dog-class-app";
				PRODUCT_NAME = "$(TARGET_NAME)";
				SWIFT_VERSION = 5.0;
				TARGETED_DEVICE_FAMILY = "1,2";
			};
			name = Release;
		};
		496C885A24E1FD2F0094C4E8 /* Debug */ = {
			isa = XCBuildConfiguration;
			buildSettings = {
				ALWAYS_EMBED_SWIFT_STANDARD_LIBRARIES = YES;
				BUNDLE_LOADER = "$(TEST_HOST)";
				CODE_SIGN_STYLE = Automatic;
				DEVELOPMENT_TEAM = KCF27GTX7U;
				INFOPLIST_FILE = dog_class_appTests/Info.plist;
				IPHONEOS_DEPLOYMENT_TARGET = 13.6;
				LD_RUNPATH_SEARCH_PATHS = (
					"$(inherited)",
					"@executable_path/Frameworks",
					"@loader_path/Frameworks",
				);
				PRODUCT_BUNDLE_IDENTIFIER = "com.andrew.dog-class-appTests";
				PRODUCT_NAME = "$(TARGET_NAME)";
				SWIFT_VERSION = 5.0;
				TARGETED_DEVICE_FAMILY = "1,2";
				TEST_HOST = "$(BUILT_PRODUCTS_DIR)/dog_class_app.app/dog_class_app";
			};
			name = Debug;
		};
		496C885B24E1FD2F0094C4E8 /* Release */ = {
			isa = XCBuildConfiguration;
			buildSettings = {
				ALWAYS_EMBED_SWIFT_STANDARD_LIBRARIES = YES;
				BUNDLE_LOADER = "$(TEST_HOST)";
				CODE_SIGN_STYLE = Automatic;
				DEVELOPMENT_TEAM = KCF27GTX7U;
				INFOPLIST_FILE = dog_class_appTests/Info.plist;
				IPHONEOS_DEPLOYMENT_TARGET = 13.6;
				LD_RUNPATH_SEARCH_PATHS = (
					"$(inherited)",
					"@executable_path/Frameworks",
					"@loader_path/Frameworks",
				);
				PRODUCT_BUNDLE_IDENTIFIER = "com.andrew.dog-class-appTests";
				PRODUCT_NAME = "$(TARGET_NAME)";
				SWIFT_VERSION = 5.0;
				TARGETED_DEVICE_FAMILY = "1,2";
				TEST_HOST = "$(BUILT_PRODUCTS_DIR)/dog_class_app.app/dog_class_app";
			};
			name = Release;
		};
/* End XCBuildConfiguration section */

/* Begin XCConfigurationList section */
		496C883224E1FD2B0094C4E8 /* Build configuration list for PBXProject "dog_class_app" */ = {
			isa = XCConfigurationList;
			buildConfigurations = (
				496C885424E1FD2F0094C4E8 /* Debug */,
				496C885524E1FD2F0094C4E8 /* Release */,
			);
			defaultConfigurationIsVisible = 0;
			defaultConfigurationName = Release;
		};
		496C885624E1FD2F0094C4E8 /* Build configuration list for PBXNativeTarget "dog_class_app" */ = {
			isa = XCConfigurationList;
			buildConfigurations = (
				496C885724E1FD2F0094C4E8 /* Debug */,
				496C885824E1FD2F0094C4E8 /* Release */,
			);
			defaultConfigurationIsVisible = 0;
			defaultConfigurationName = Release;
		};
		496C885924E1FD2F0094C4E8 /* Build configuration list for PBXNativeTarget "dog_class_appTests" */ = {
			isa = XCConfigurationList;
			buildConfigurations = (
				496C885A24E1FD2F0094C4E8 /* Debug */,
				496C885B24E1FD2F0094C4E8 /* Release */,
			);
			defaultConfigurationIsVisible = 0;
			defaultConfigurationName = Release;
		};
/* End XCConfigurationList section */
	};
	rootObject = 496C882F24E1FD2B0094C4E8 /* Project object */;
}
